
Microsoft Visual Studio Solution File, Format Version 12.00
# Visual Studio 2013
VisualStudioVersion = 12.0.31101.0
MinimumVisualStudioVersion = 10.0.40219.1
Project("{FAE04EC0-301F-11D3-BF4B-00C04F79EFBC}") = "TimelyTextView", "TimelyTextView\TimelyTextView.csproj", "{DEB952D0-BCC5-4078-860E-FFA97FDA6C98}"
EndProject
Project("{FAE04EC0-301F-11D3-BF4B-00C04F79EFBC}") = "Sample", "Sample\Sample.csproj", "{518D8A5F-FBB5-4C84-A670-F1AFB783628B}"
EndProject
Global
	GlobalSection(SolutionConfigurationPlatforms) = preSolution
		Debug|Any CPU = Debug|Any CPU
		Release|Any CPU = Release|Any CPU
	EndGlobalSection
	GlobalSection(ProjectConfigurationPlatforms) = postSolution
		{DEB952D0-BCC5-4078-860E-FFA97FDA6C98}.Debug|Any CPU.ActiveCfg = Debug|Any CPU
		{DEB952D0-BCC5-4078-860E-FFA97FDA6C98}.Debug|Any CPU.Build.0 = Debug|Any CPU
		{DEB952D0-BCC5-4078-860E-FFA97FDA6C98}.Release|Any CPU.ActiveCfg = Release|Any CPU
		{DEB952D0-BCC5-4078-860E-FFA97FDA6C98}.Release|Any CPU.Build.0 = Release|Any CPU
		{518D8A5F-FBB5-4C84-A670-F1AFB783628B}.Debug|Any CPU.ActiveCfg = Debug|Any CPU
		{518D8A5F-FBB5-4C84-A670-F1AFB783628B}.Debug|Any CPU.Build.0 = Debug|Any CPU
		{518D8A5F-FBB5-4C84-A670-F1AFB783628B}.Debug|Any CPU.Deploy.0 = Debug|Any CPU
		{518D8A5F-FBB5-4C84-A670-F1AFB783628B}.Release|Any CPU.ActiveCfg = Release|Any CPU
		{518D8A5F-FBB5-4C84-A670-F1AFB783628B}.Release|Any CPU.Build.0 = Release|Any CPU
		{518D8A5F-FBB5-4C84-A670-F1AFB783628B}.Release|Any CPU.Deploy.0 = Release|Any CPU
	EndGlobalSection
	GlobalSection(SolutionProperties) = preSolution
		HideSolutionNode = FALSE
	EndGlobalSection
EndGlobal
